
Microsoft Visual Studio Solution File, Format Version 12.00
# Visual Studio Version 17
VisualStudioVersion = 17.0.31903.59
MinimumVisualStudioVersion = 10.0.40219.1
Project("{FAE04EC0-301F-11D3-BF4B-00C04F79EFBC}") = "API", "API\API.csproj", "{9E587084-F5E8-4554-9B53-A17266173A16}"
EndProject
Project("{FAE04EC0-301F-11D3-BF4B-00C04F79EFBC}") = "Application", "Application\Application.csproj", "{48CE61A7-D13A-41B7-8D92-B0DF95A49DC3}"
EndProject
Project("{FAE04EC0-301F-11D3-BF4B-00C04F79EFBC}") = "Domain", "Domain\Domain.csproj", "{A1496D73-2F71-44ED-A3EE-4AA79ECF3339}"
EndProject
Project("{FAE04EC0-301F-11D3-BF4B-00C04F79EFBC}") = "Persistence", "Persistence\Persistence.csproj", "{D984A96A-F7A7-4062-981F-C1402AF114CF}"
EndProject
Global
	GlobalSection(SolutionConfigurationPlatforms) = preSolution
		Debug|Any CPU = Debug|Any CPU
		Release|Any CPU = Release|Any CPU
	EndGlobalSection
	GlobalSection(SolutionProperties) = preSolution
		HideSolutionNode = FALSE
	EndGlobalSection
	GlobalSection(ProjectConfigurationPlatforms) = postSolution
		{9E587084-F5E8-4554-9B53-A17266173A16}.Debug|Any CPU.ActiveCfg = Debug|Any CPU
		{9E587084-F5E8-4554-9B53-A17266173A16}.Debug|Any CPU.Build.0 = Debug|Any CPU
		{9E587084-F5E8-4554-9B53-A17266173A16}.Release|Any CPU.ActiveCfg = Release|Any CPU
		{9E587084-F5E8-4554-9B53-A17266173A16}.Release|Any CPU.Build.0 = Release|Any CPU
		{48CE61A7-D13A-41B7-8D92-B0DF95A49DC3}.Debug|Any CPU.ActiveCfg = Debug|Any CPU
		{48CE61A7-D13A-41B7-8D92-B0DF95A49DC3}.Debug|Any CPU.Build.0 = Debug|Any CPU
		{48CE61A7-D13A-41B7-8D92-B0DF95A49DC3}.Release|Any CPU.ActiveCfg = Release|Any CPU
		{48CE61A7-D13A-41B7-8D92-B0DF95A49DC3}.Release|Any CPU.Build.0 = Release|Any CPU
		{A1496D73-2F71-44ED-A3EE-4AA79ECF3339}.Debug|Any CPU.ActiveCfg = Debug|Any CPU
		{A1496D73-2F71-44ED-A3EE-4AA79ECF3339}.Debug|Any CPU.Build.0 = Debug|Any CPU
		{A1496D73-2F71-44ED-A3EE-4AA79ECF3339}.Release|Any CPU.ActiveCfg = Release|Any CPU
		{A1496D73-2F71-44ED-A3EE-4AA79ECF3339}.Release|Any CPU.Build.0 = Release|Any CPU
		{D984A96A-F7A7-4062-981F-C1402AF114CF}.Debug|Any CPU.ActiveCfg = Debug|Any CPU
		{D984A96A-F7A7-4062-981F-C1402AF114CF}.Debug|Any CPU.Build.0 = Debug|Any CPU
		{D984A96A-F7A7-4062-981F-C1402AF114CF}.Release|Any CPU.ActiveCfg = Release|Any CPU
		{D984A96A-F7A7-4062-981F-C1402AF114CF}.Release|Any CPU.Build.0 = Release|Any CPU
	EndGlobalSection
EndGlobal
